
Microsoft Visual Studio Solution File, Format Version 12.00
# Visual Studio 15
VisualStudioVersion = 15.0.28307.168
MinimumVisualStudioVersion = 10.0.40219.1
Project("{9A19103F-16F7-4668-BE54-9A1E7A4F7556}") = "AdminAPI", "AdminAPI\AdminAPI.csproj", "{B2FE4689-DD7A-4E15-AB56-19772DBFAF93}"
EndProject
Project("{9A19103F-16F7-4668-BE54-9A1E7A4F7556}") = "Entities", "Entities\Entities.csproj", "{47E4C076-5E63-4310-AF78-1BFE785626B6}"
EndProject
Global
	GlobalSection(SolutionConfigurationPlatforms) = preSolution
		Debug|Any CPU = Debug|Any CPU
		Release|Any CPU = Release|Any CPU
	EndGlobalSection
	GlobalSection(ProjectConfigurationPlatforms) = postSolution
		{B2FE4689-DD7A-4E15-AB56-19772DBFAF93}.Debug|Any CPU.ActiveCfg = Debug|Any CPU
		{B2FE4689-DD7A-4E15-AB56-19772DBFAF93}.Debug|Any CPU.Build.0 = Debug|Any CPU
		{B2FE4689-DD7A-4E15-AB56-19772DBFAF93}.Release|Any CPU.ActiveCfg = Release|Any CPU
		{B2FE4689-DD7A-4E15-AB56-19772DBFAF93}.Release|Any CPU.Build.0 = Release|Any CPU
		{47E4C076-5E63-4310-AF78-1BFE785626B6}.Debug|Any CPU.ActiveCfg = Debug|Any CPU
		{47E4C076-5E63-4310-AF78-1BFE785626B6}.Debug|Any CPU.Build.0 = Debug|Any CPU
		{47E4C076-5E63-4310-AF78-1BFE785626B6}.Release|Any CPU.ActiveCfg = Release|Any CPU
		{47E4C076-5E63-4310-AF78-1BFE785626B6}.Release|Any CPU.Build.0 = Release|Any CPU
	EndGlobalSection
	GlobalSection(SolutionProperties) = preSolution
		HideSolutionNode = FALSE
	EndGlobalSection
	GlobalSection(ExtensibilityGlobals) = postSolution
		SolutionGuid = {D8722147-DF7F-41B7-84DC-82504A55E2B7}
	EndGlobalSection
EndGlobal
